
Microsoft Visual Studio Solution File, Format Version 12.00
# Visual Studio Version 17
VisualStudioVersion = 17.6.33723.286
MinimumVisualStudioVersion = 10.0.40219.1
Project("{2150E333-8FDC-42A3-9474-1A3956D46DE8}") = "WebAPI", "WebAPI", "{4A2F6A40-F796-4DFB-B3B2-E7C9265E38BF}"
EndProject
Project("{2150E333-8FDC-42A3-9474-1A3956D46DE8}") = "Plugins", "Plugins", "{5236B9F1-A118-44FD-8ADF-A8B9D2BF63E4}"
EndProject
Project("{9A19103F-16F7-4668-BE54-9A1E7A4F7556}") = "Plugin.Mqtt", "Plugin.Mqtt\Plugin.Mqtt.csproj", "{6E69C542-6EC1-4172-8934-07308F3E6C2A}"
EndProject
Project("{9A19103F-16F7-4668-BE54-9A1E7A4F7556}") = "Plugin.PFCClient", "Plugin.PFCClient\Plugin.PFCClient.csproj", "{8FEC286F-51CF-4B9C-9EAD-133BFEF33396}"
EndProject
Project("{9A19103F-16F7-4668-BE54-9A1E7A4F7556}") = "Plugin.A", "PluginA\Plugin.A.csproj", "{440E972F-1712-4069-A375-D689651883E3}"
EndProject
Project("{9A19103F-16F7-4668-BE54-9A1E7A4F7556}") = "Plugin.B", "PluginB\Plugin.B.csproj", "{0D06178A-34BB-4546-9F54-FF6BEAD2988B}"
EndProject
Project("{9A19103F-16F7-4668-BE54-9A1E7A4F7556}") = "ICPFWebAPI", "ICPFWebAPI\ICPFWebAPI.csproj", "{B327AC29-6E06-4C1A-9F21-A73C66783EB2}"
EndProject
Project("{2150E333-8FDC-42A3-9474-1A3956D46DE8}") = "PFCCore", "PFCCore", "{9B4ED064-A2D0-4BAB-B45D-DADBE227B412}"
EndProject
Project("{9A19103F-16F7-4668-BE54-9A1E7A4F7556}") = "PFC", "PFC\PFC.csproj", "{BBBF9E4E-578D-45C6-8E61-8EE9195566FA}"
EndProject
Global
	GlobalSection(SolutionConfigurationPlatforms) = preSolution
		Debug|Any CPU = Debug|Any CPU
		Release|Any CPU = Release|Any CPU
	EndGlobalSection
	GlobalSection(ProjectConfigurationPlatforms) = postSolution
		{6E69C542-6EC1-4172-8934-07308F3E6C2A}.Debug|Any CPU.ActiveCfg = Debug|Any CPU
		{6E69C542-6EC1-4172-8934-07308F3E6C2A}.Debug|Any CPU.Build.0 = Debug|Any CPU
		{6E69C542-6EC1-4172-8934-07308F3E6C2A}.Release|Any CPU.ActiveCfg = Release|Any CPU
		{6E69C542-6EC1-4172-8934-07308F3E6C2A}.Release|Any CPU.Build.0 = Release|Any CPU
		{8FEC286F-51CF-4B9C-9EAD-133BFEF33396}.Debug|Any CPU.ActiveCfg = Debug|Any CPU
		{8FEC286F-51CF-4B9C-9EAD-133BFEF33396}.Debug|Any CPU.Build.0 = Debug|Any CPU
		{8FEC286F-51CF-4B9C-9EAD-133BFEF33396}.Release|Any CPU.ActiveCfg = Release|Any CPU
		{8FEC286F-51CF-4B9C-9EAD-133BFEF33396}.Release|Any CPU.Build.0 = Release|Any CPU
		{440E972F-1712-4069-A375-D689651883E3}.Debug|Any CPU.ActiveCfg = Debug|Any CPU
		{440E972F-1712-4069-A375-D689651883E3}.Debug|Any CPU.Build.0 = Debug|Any CPU
		{440E972F-1712-4069-A375-D689651883E3}.Release|Any CPU.ActiveCfg = Release|Any CPU
		{440E972F-1712-4069-A375-D689651883E3}.Release|Any CPU.Build.0 = Release|Any CPU
		{0D06178A-34BB-4546-9F54-FF6BEAD2988B}.Debug|Any CPU.ActiveCfg = Debug|Any CPU
		{0D06178A-34BB-4546-9F54-FF6BEAD2988B}.Debug|Any CPU.Build.0 = Debug|Any CPU
		{0D06178A-34BB-4546-9F54-FF6BEAD2988B}.Release|Any CPU.ActiveCfg = Release|Any CPU
		{0D06178A-34BB-4546-9F54-FF6BEAD2988B}.Release|Any CPU.Build.0 = Release|Any CPU
		{B327AC29-6E06-4C1A-9F21-A73C66783EB2}.Debug|Any CPU.ActiveCfg = Debug|Any CPU
		{B327AC29-6E06-4C1A-9F21-A73C66783EB2}.Debug|Any CPU.Build.0 = Debug|Any CPU
		{B327AC29-6E06-4C1A-9F21-A73C66783EB2}.Release|Any CPU.ActiveCfg = Release|Any CPU
		{B327AC29-6E06-4C1A-9F21-A73C66783EB2}.Release|Any CPU.Build.0 = Release|Any CPU
		{BBBF9E4E-578D-45C6-8E61-8EE9195566FA}.Debug|Any CPU.ActiveCfg = Debug|Any CPU
		{BBBF9E4E-578D-45C6-8E61-8EE9195566FA}.Debug|Any CPU.Build.0 = Debug|Any CPU
		{BBBF9E4E-578D-45C6-8E61-8EE9195566FA}.Release|Any CPU.ActiveCfg = Release|Any CPU
		{BBBF9E4E-578D-45C6-8E61-8EE9195566FA}.Release|Any CPU.Build.0 = Release|Any CPU
	EndGlobalSection
	GlobalSection(SolutionProperties) = preSolution
		HideSolutionNode = FALSE
	EndGlobalSection
	GlobalSection(NestedProjects) = preSolution
		{6E69C542-6EC1-4172-8934-07308F3E6C2A} = {5236B9F1-A118-44FD-8ADF-A8B9D2BF63E4}
		{8FEC286F-51CF-4B9C-9EAD-133BFEF33396} = {5236B9F1-A118-44FD-8ADF-A8B9D2BF63E4}
		{440E972F-1712-4069-A375-D689651883E3} = {5236B9F1-A118-44FD-8ADF-A8B9D2BF63E4}
		{0D06178A-34BB-4546-9F54-FF6BEAD2988B} = {5236B9F1-A118-44FD-8ADF-A8B9D2BF63E4}
		{B327AC29-6E06-4C1A-9F21-A73C66783EB2} = {4A2F6A40-F796-4DFB-B3B2-E7C9265E38BF}
		{BBBF9E4E-578D-45C6-8E61-8EE9195566FA} = {9B4ED064-A2D0-4BAB-B45D-DADBE227B412}
	EndGlobalSection
	GlobalSection(ExtensibilityGlobals) = postSolution
		SolutionGuid = {43692F17-5125-47B1-BDA4-A8CB4840E208}
	EndGlobalSection
EndGlobal
